
Microsoft Visual Studio Solution File, Format Version 12.00
# Visual Studio 15
VisualStudioVersion = 15.0.27703.2042
MinimumVisualStudioVersion = 10.0.40219.1
Project("{2150E333-8FDC-42A3-9474-1A3956D46DE8}") = "Modules", "Modules", "{92EB10BB-F612-4C23-84BA-95A5D64F851B}"
EndProject
Project("{2150E333-8FDC-42A3-9474-1A3956D46DE8}") = "Tests", "Tests", "{4A44F9E9-0B25-4511-AB6D-2BB3E44DA808}"
EndProject
Project("{2150E333-8FDC-42A3-9474-1A3956D46DE8}") = "Examples", "Examples", "{F0808592-9E93-4915-9E37-043C56BB9763}"
EndProject
Project("{FAE04EC0-301F-11D3-BF4B-00C04F79EFBC}") = "Wider.Tools.Logger", "Modules\Wider.Tools.Logger\Wider.Tools.Logger.csproj", "{982D3282-82A0-4586-99ED-F60D2FD67517}"
EndProject
Project("{FAE04EC0-301F-11D3-BF4B-00C04F79EFBC}") = "WiderMD.Core", "Examples\WiderMD.Core\WiderMD.Core.csproj", "{A6DAC5FB-29A1-4579-A828-F133D9ABBDD2}"
EndProject
Project("{FAE04EC0-301F-11D3-BF4B-00C04F79EFBC}") = "WiderMD", "Examples\WiderMD\WiderMD.csproj", "{625649C0-B1F5-4262-9A38-330FC08A2759}"
EndProject
Project("{FAE04EC0-301F-11D3-BF4B-00C04F79EFBC}") = "Wider.Splash", "Modules\Wider.Splash\Wider.Splash.csproj", "{A36AB58C-197B-431B-9DE6-4911DB8F860B}"
EndProject
Project("{FAE04EC0-301F-11D3-BF4B-00C04F79EFBC}") = "Wider.Content.TextDocument", "Modules\Wider.Content.TextDocument\Wider.Content.TextDocument.csproj", "{B80E6695-0F27-4AE1-BD7A-EDA42B94A940}"
EndProject
Project("{9A19103F-16F7-4668-BE54-9A1E7A4F7556}") = "Wider.Core", "Modules\Wider.Core\Wider.Core.csproj", "{10205918-47C5-4614-9359-5E30CBE7E289}"
EndProject
Project("{FAE04EC0-301F-11D3-BF4B-00C04F79EFBC}") = "Wider.Shell", "Modules\Wider.Shell\Wider.Shell.csproj", "{F4242FA3-2404-4EA4-95D9-D00057F277D1}"
EndProject
Global
	GlobalSection(SolutionConfigurationPlatforms) = preSolution
		Debug|Any CPU = Debug|Any CPU
		Release|Any CPU = Release|Any CPU
	EndGlobalSection
	GlobalSection(ProjectConfigurationPlatforms) = postSolution
		{982D3282-82A0-4586-99ED-F60D2FD67517}.Debug|Any CPU.ActiveCfg = Debug|Any CPU
		{982D3282-82A0-4586-99ED-F60D2FD67517}.Debug|Any CPU.Build.0 = Debug|Any CPU
		{982D3282-82A0-4586-99ED-F60D2FD67517}.Release|Any CPU.ActiveCfg = Release|Any CPU
		{982D3282-82A0-4586-99ED-F60D2FD67517}.Release|Any CPU.Build.0 = Release|Any CPU
		{A6DAC5FB-29A1-4579-A828-F133D9ABBDD2}.Debug|Any CPU.ActiveCfg = Debug|Any CPU
		{A6DAC5FB-29A1-4579-A828-F133D9ABBDD2}.Debug|Any CPU.Build.0 = Debug|Any CPU
		{A6DAC5FB-29A1-4579-A828-F133D9ABBDD2}.Release|Any CPU.ActiveCfg = Release|Any CPU
		{A6DAC5FB-29A1-4579-A828-F133D9ABBDD2}.Release|Any CPU.Build.0 = Release|Any CPU
		{625649C0-B1F5-4262-9A38-330FC08A2759}.Debug|Any CPU.ActiveCfg = Debug|Any CPU
		{625649C0-B1F5-4262-9A38-330FC08A2759}.Debug|Any CPU.Build.0 = Debug|Any CPU
		{625649C0-B1F5-4262-9A38-330FC08A2759}.Release|Any CPU.ActiveCfg = Release|Any CPU
		{625649C0-B1F5-4262-9A38-330FC08A2759}.Release|Any CPU.Build.0 = Release|Any CPU
		{A36AB58C-197B-431B-9DE6-4911DB8F860B}.Debug|Any CPU.ActiveCfg = Debug|Any CPU
		{A36AB58C-197B-431B-9DE6-4911DB8F860B}.Debug|Any CPU.Build.0 = Debug|Any CPU
		{A36AB58C-197B-431B-9DE6-4911DB8F860B}.Release|Any CPU.ActiveCfg = Release|Any CPU
		{A36AB58C-197B-431B-9DE6-4911DB8F860B}.Release|Any CPU.Build.0 = Release|Any CPU
		{B80E6695-0F27-4AE1-BD7A-EDA42B94A940}.Debug|Any CPU.ActiveCfg = Debug|Any CPU
		{B80E6695-0F27-4AE1-BD7A-EDA42B94A940}.Debug|Any CPU.Build.0 = Debug|Any CPU
		{B80E6695-0F27-4AE1-BD7A-EDA42B94A940}.Release|Any CPU.ActiveCfg = Release|Any CPU
		{B80E6695-0F27-4AE1-BD7A-EDA42B94A940}.Release|Any CPU.Build.0 = Release|Any CPU
		{10205918-47C5-4614-9359-5E30CBE7E289}.Debug|Any CPU.ActiveCfg = Debug|Any CPU
		{10205918-47C5-4614-9359-5E30CBE7E289}.Debug|Any CPU.Build.0 = Debug|Any CPU
		{10205918-47C5-4614-9359-5E30CBE7E289}.Release|Any CPU.ActiveCfg = Release|Any CPU
		{10205918-47C5-4614-9359-5E30CBE7E289}.Release|Any CPU.Build.0 = Release|Any CPU
		{F4242FA3-2404-4EA4-95D9-D00057F277D1}.Debug|Any CPU.ActiveCfg = Debug|Any CPU
		{F4242FA3-2404-4EA4-95D9-D00057F277D1}.Debug|Any CPU.Build.0 = Debug|Any CPU
		{F4242FA3-2404-4EA4-95D9-D00057F277D1}.Release|Any CPU.ActiveCfg = Release|Any CPU
		{F4242FA3-2404-4EA4-95D9-D00057F277D1}.Release|Any CPU.Build.0 = Release|Any CPU
	EndGlobalSection
	GlobalSection(SolutionProperties) = preSolution
		HideSolutionNode = FALSE
	EndGlobalSection
	GlobalSection(NestedProjects) = preSolution
		{982D3282-82A0-4586-99ED-F60D2FD67517} = {92EB10BB-F612-4C23-84BA-95A5D64F851B}
		{A6DAC5FB-29A1-4579-A828-F133D9ABBDD2} = {F0808592-9E93-4915-9E37-043C56BB9763}
		{625649C0-B1F5-4262-9A38-330FC08A2759} = {F0808592-9E93-4915-9E37-043C56BB9763}
		{A36AB58C-197B-431B-9DE6-4911DB8F860B} = {92EB10BB-F612-4C23-84BA-95A5D64F851B}
		{B80E6695-0F27-4AE1-BD7A-EDA42B94A940} = {92EB10BB-F612-4C23-84BA-95A5D64F851B}
		{10205918-47C5-4614-9359-5E30CBE7E289} = {92EB10BB-F612-4C23-84BA-95A5D64F851B}
		{F4242FA3-2404-4EA4-95D9-D00057F277D1} = {92EB10BB-F612-4C23-84BA-95A5D64F851B}
	EndGlobalSection
	GlobalSection(ExtensibilityGlobals) = postSolution
		SolutionGuid = {C9AF68FB-8AA0-4C17-A8F9-A88E3EC36423}
	EndGlobalSection
EndGlobal
