
Microsoft Visual Studio Solution File, Format Version 12.00
# Visual Studio Version 16
VisualStudioVersion = 16.0.28315.86
MinimumVisualStudioVersion = 10.0.40219.1
Project("{2150E333-8FDC-42A3-9474-1A3956D46DE8}") = "Modules", "Modules", "{92EB10BB-F612-4C23-84BA-95A5D64F851B}"
EndProject
Project("{2150E333-8FDC-42A3-9474-1A3956D46DE8}") = "Tests", "Tests", "{4A44F9E9-0B25-4511-AB6D-2BB3E44DA808}"
EndProject
Project("{2150E333-8FDC-42A3-9474-1A3956D46DE8}") = "Examples", "Examples", "{F0808592-9E93-4915-9E37-043C56BB9763}"
EndProject
Project("{FAE04EC0-301F-11D3-BF4B-00C04F79EFBC}") = "Wider.Tools.Logger", "Modules\Wider.Tools.Logger\Wider.Tools.Logger.csproj", "{982D3282-82A0-4586-99ED-F60D2FD67517}"
EndProject
Project("{FAE04EC0-301F-11D3-BF4B-00C04F79EFBC}") = "WiderMD.Core", "Examples\WiderMD.Core\WiderMD.Core.csproj", "{A6DAC5FB-29A1-4579-A828-F133D9ABBDD2}"
EndProject
Project("{FAE04EC0-301F-11D3-BF4B-00C04F79EFBC}") = "WiderMD", "Examples\WiderMD\WiderMD.csproj", "{625649C0-B1F5-4262-9A38-330FC08A2759}"
EndProject
Project("{FAE04EC0-301F-11D3-BF4B-00C04F79EFBC}") = "Wider.Splash", "Modules\Wider.Splash\Wider.Splash.csproj", "{A36AB58C-197B-431B-9DE6-4911DB8F860B}"
EndProject
Project("{FAE04EC0-301F-11D3-BF4B-00C04F79EFBC}") = "Wider.Content.TextDocument", "Modules\Wider.Content.TextDocument\Wider.Content.TextDocument.csproj", "{B80E6695-0F27-4AE1-BD7A-EDA42B94A940}"
EndProject
Project("{FAE04EC0-301F-11D3-BF4B-00C04F79EFBC}") = "Wider.Shell.Metro", "Modules\Wider.Shell.Metro\Wider.Shell.Metro.csproj", "{53106C03-FE9F-4627-872A-A6E8BCC429FE}"
EndProject
Project("{2150E333-8FDC-42A3-9474-1A3956D46DE8}") = "Framework", "Framework", "{34E1BD8E-AEAE-4BFD-A69A-919EC930FC3E}"
EndProject
Project("{D954291E-2A0B-460D-934E-DC6B0785DB48}") = "Wider.Core", "Framework\Wider.Core\Wider.Core.shproj", "{6D425467-7F54-4195-93DC-D44EE8CEAD5F}"
EndProject
Project("{FAE04EC0-301F-11D3-BF4B-00C04F79EFBC}") = "Wider.Core.Wpf", "Framework\Wider.Core.Wpf\Wider.Core.Wpf.csproj", "{F4242FA3-2404-4EA4-95D9-D00057F277D1}"
EndProject
Project("{FAE04EC0-301F-11D3-BF4B-00C04F79EFBC}") = "WiderClipboard", "Examples\WiderClipboard\WiderClipboard.csproj", "{FBCD73FA-1F36-4216-B1C3-933A807F2092}"
EndProject
Project("{2150E333-8FDC-42A3-9474-1A3956D46DE8}") = "Solution Items", "Solution Items", "{A54804C0-7921-4FFA-AD7F-7FD467B035A7}"
	ProjectSection(SolutionItems) = preProject
		azure-pipelines.yml = azure-pipelines.yml
		README.md = README.md
	EndProjectSection
EndProject
Project("{FAE04EC0-301F-11D3-BF4B-00C04F79EFBC}") = "WiderRibbonDemo", "Examples\WiderRibbonDemo\WiderRibbonDemo.csproj", "{DCE6AE83-BB62-4152-A3C6-1BA45563D98D}"
EndProject
Project("{FAE04EC0-301F-11D3-BF4B-00C04F79EFBC}") = "Wider.Shell.Ribbon", "Modules\Wider.Shell.Ribbon\Wider.Shell.Ribbon.csproj", "{56A7DF3E-1DD7-4B75-86E9-D27BE729190F}"
EndProject
Project("{FAE04EC0-301F-11D3-BF4B-00C04F79EFBC}") = "Wider.Content.VirtualCanvas", "Modules\Wider.Content.VirtualCanvas\Wider.Content.VirtualCanvas.csproj", "{D2F57B95-BCD2-411F-BC79-7DCEBAF74B16}"
EndProject
Project("{FAE04EC0-301F-11D3-BF4B-00C04F79EFBC}") = "Wider.Content.NodeEditor", "Modules\Wider.Content.NodeEditor\Wider.Content.NodeEditor.csproj", "{F8C8DE0C-CF6E-444F-9D9E-CFB08F9529BE}"
EndProject
Global
	GlobalSection(SharedMSBuildProjectFiles) = preSolution
		Framework\Wider.Core\Wider.Core.projitems*{6d425467-7f54-4195-93dc-d44ee8cead5f}*SharedItemsImports = 13
		Framework\Wider.Core\Wider.Core.projitems*{f4242fa3-2404-4ea4-95d9-d00057f277d1}*SharedItemsImports = 4
	EndGlobalSection
	GlobalSection(SolutionConfigurationPlatforms) = preSolution
		Debug|Any CPU = Debug|Any CPU
		Debug|ARM = Debug|ARM
		Debug|ARM64 = Debug|ARM64
		Debug|x64 = Debug|x64
		Debug|x86 = Debug|x86
		Release|Any CPU = Release|Any CPU
		Release|ARM = Release|ARM
		Release|ARM64 = Release|ARM64
		Release|x64 = Release|x64
		Release|x86 = Release|x86
	EndGlobalSection
	GlobalSection(ProjectConfigurationPlatforms) = postSolution
		{982D3282-82A0-4586-99ED-F60D2FD67517}.Debug|Any CPU.ActiveCfg = Debug|Any CPU
		{982D3282-82A0-4586-99ED-F60D2FD67517}.Debug|Any CPU.Build.0 = Debug|Any CPU
		{982D3282-82A0-4586-99ED-F60D2FD67517}.Debug|ARM.ActiveCfg = Debug|Any CPU
		{982D3282-82A0-4586-99ED-F60D2FD67517}.Debug|ARM.Build.0 = Debug|Any CPU
		{982D3282-82A0-4586-99ED-F60D2FD67517}.Debug|ARM64.ActiveCfg = Debug|Any CPU
		{982D3282-82A0-4586-99ED-F60D2FD67517}.Debug|ARM64.Build.0 = Debug|Any CPU
		{982D3282-82A0-4586-99ED-F60D2FD67517}.Debug|x64.ActiveCfg = Debug|Any CPU
		{982D3282-82A0-4586-99ED-F60D2FD67517}.Debug|x64.Build.0 = Debug|Any CPU
		{982D3282-82A0-4586-99ED-F60D2FD67517}.Debug|x86.ActiveCfg = Debug|Any CPU
		{982D3282-82A0-4586-99ED-F60D2FD67517}.Debug|x86.Build.0 = Debug|Any CPU
		{982D3282-82A0-4586-99ED-F60D2FD67517}.Release|Any CPU.ActiveCfg = Release|Any CPU
		{982D3282-82A0-4586-99ED-F60D2FD67517}.Release|Any CPU.Build.0 = Release|Any CPU
		{982D3282-82A0-4586-99ED-F60D2FD67517}.Release|ARM.ActiveCfg = Release|Any CPU
		{982D3282-82A0-4586-99ED-F60D2FD67517}.Release|ARM.Build.0 = Release|Any CPU
		{982D3282-82A0-4586-99ED-F60D2FD67517}.Release|ARM64.ActiveCfg = Release|Any CPU
		{982D3282-82A0-4586-99ED-F60D2FD67517}.Release|ARM64.Build.0 = Release|Any CPU
		{982D3282-82A0-4586-99ED-F60D2FD67517}.Release|x64.ActiveCfg = Release|Any CPU
		{982D3282-82A0-4586-99ED-F60D2FD67517}.Release|x64.Build.0 = Release|Any CPU
		{982D3282-82A0-4586-99ED-F60D2FD67517}.Release|x86.ActiveCfg = Release|Any CPU
		{982D3282-82A0-4586-99ED-F60D2FD67517}.Release|x86.Build.0 = Release|Any CPU
		{A6DAC5FB-29A1-4579-A828-F133D9ABBDD2}.Debug|Any CPU.ActiveCfg = Debug|Any CPU
		{A6DAC5FB-29A1-4579-A828-F133D9ABBDD2}.Debug|Any CPU.Build.0 = Debug|Any CPU
		{A6DAC5FB-29A1-4579-A828-F133D9ABBDD2}.Debug|ARM.ActiveCfg = Debug|Any CPU
		{A6DAC5FB-29A1-4579-A828-F133D9ABBDD2}.Debug|ARM.Build.0 = Debug|Any CPU
		{A6DAC5FB-29A1-4579-A828-F133D9ABBDD2}.Debug|ARM64.ActiveCfg = Debug|Any CPU
		{A6DAC5FB-29A1-4579-A828-F133D9ABBDD2}.Debug|ARM64.Build.0 = Debug|Any CPU
		{A6DAC5FB-29A1-4579-A828-F133D9ABBDD2}.Debug|x64.ActiveCfg = Debug|Any CPU
		{A6DAC5FB-29A1-4579-A828-F133D9ABBDD2}.Debug|x64.Build.0 = Debug|Any CPU
		{A6DAC5FB-29A1-4579-A828-F133D9ABBDD2}.Debug|x86.ActiveCfg = Debug|Any CPU
		{A6DAC5FB-29A1-4579-A828-F133D9ABBDD2}.Debug|x86.Build.0 = Debug|Any CPU
		{A6DAC5FB-29A1-4579-A828-F133D9ABBDD2}.Release|Any CPU.ActiveCfg = Release|Any CPU
		{A6DAC5FB-29A1-4579-A828-F133D9ABBDD2}.Release|Any CPU.Build.0 = Release|Any CPU
		{A6DAC5FB-29A1-4579-A828-F133D9ABBDD2}.Release|ARM.ActiveCfg = Release|Any CPU
		{A6DAC5FB-29A1-4579-A828-F133D9ABBDD2}.Release|ARM.Build.0 = Release|Any CPU
		{A6DAC5FB-29A1-4579-A828-F133D9ABBDD2}.Release|ARM64.ActiveCfg = Release|Any CPU
		{A6DAC5FB-29A1-4579-A828-F133D9ABBDD2}.Release|ARM64.Build.0 = Release|Any CPU
		{A6DAC5FB-29A1-4579-A828-F133D9ABBDD2}.Release|x64.ActiveCfg = Release|Any CPU
		{A6DAC5FB-29A1-4579-A828-F133D9ABBDD2}.Release|x64.Build.0 = Release|Any CPU
		{A6DAC5FB-29A1-4579-A828-F133D9ABBDD2}.Release|x86.ActiveCfg = Release|Any CPU
		{A6DAC5FB-29A1-4579-A828-F133D9ABBDD2}.Release|x86.Build.0 = Release|Any CPU
		{625649C0-B1F5-4262-9A38-330FC08A2759}.Debug|Any CPU.ActiveCfg = Debug|Any CPU
		{625649C0-B1F5-4262-9A38-330FC08A2759}.Debug|Any CPU.Build.0 = Debug|Any CPU
		{625649C0-B1F5-4262-9A38-330FC08A2759}.Debug|ARM.ActiveCfg = Debug|Any CPU
		{625649C0-B1F5-4262-9A38-330FC08A2759}.Debug|ARM.Build.0 = Debug|Any CPU
		{625649C0-B1F5-4262-9A38-330FC08A2759}.Debug|ARM64.ActiveCfg = Debug|Any CPU
		{625649C0-B1F5-4262-9A38-330FC08A2759}.Debug|ARM64.Build.0 = Debug|Any CPU
		{625649C0-B1F5-4262-9A38-330FC08A2759}.Debug|x64.ActiveCfg = Debug|Any CPU
		{625649C0-B1F5-4262-9A38-330FC08A2759}.Debug|x64.Build.0 = Debug|Any CPU
		{625649C0-B1F5-4262-9A38-330FC08A2759}.Debug|x86.ActiveCfg = Debug|Any CPU
		{625649C0-B1F5-4262-9A38-330FC08A2759}.Debug|x86.Build.0 = Debug|Any CPU
		{625649C0-B1F5-4262-9A38-330FC08A2759}.Release|Any CPU.ActiveCfg = Release|Any CPU
		{625649C0-B1F5-4262-9A38-330FC08A2759}.Release|Any CPU.Build.0 = Release|Any CPU
		{625649C0-B1F5-4262-9A38-330FC08A2759}.Release|ARM.ActiveCfg = Release|Any CPU
		{625649C0-B1F5-4262-9A38-330FC08A2759}.Release|ARM.Build.0 = Release|Any CPU
		{625649C0-B1F5-4262-9A38-330FC08A2759}.Release|ARM64.ActiveCfg = Release|Any CPU
		{625649C0-B1F5-4262-9A38-330FC08A2759}.Release|ARM64.Build.0 = Release|Any CPU
		{625649C0-B1F5-4262-9A38-330FC08A2759}.Release|x64.ActiveCfg = Release|Any CPU
		{625649C0-B1F5-4262-9A38-330FC08A2759}.Release|x64.Build.0 = Release|Any CPU
		{625649C0-B1F5-4262-9A38-330FC08A2759}.Release|x86.ActiveCfg = Release|Any CPU
		{625649C0-B1F5-4262-9A38-330FC08A2759}.Release|x86.Build.0 = Release|Any CPU
		{A36AB58C-197B-431B-9DE6-4911DB8F860B}.Debug|Any CPU.ActiveCfg = Debug|Any CPU
		{A36AB58C-197B-431B-9DE6-4911DB8F860B}.Debug|Any CPU.Build.0 = Debug|Any CPU
		{A36AB58C-197B-431B-9DE6-4911DB8F860B}.Debug|ARM.ActiveCfg = Debug|Any CPU
		{A36AB58C-197B-431B-9DE6-4911DB8F860B}.Debug|ARM.Build.0 = Debug|Any CPU
		{A36AB58C-197B-431B-9DE6-4911DB8F860B}.Debug|ARM64.ActiveCfg = Debug|Any CPU
		{A36AB58C-197B-431B-9DE6-4911DB8F860B}.Debug|ARM64.Build.0 = Debug|Any CPU
		{A36AB58C-197B-431B-9DE6-4911DB8F860B}.Debug|x64.ActiveCfg = Debug|Any CPU
		{A36AB58C-197B-431B-9DE6-4911DB8F860B}.Debug|x64.Build.0 = Debug|Any CPU
		{A36AB58C-197B-431B-9DE6-4911DB8F860B}.Debug|x86.ActiveCfg = Debug|Any CPU
		{A36AB58C-197B-431B-9DE6-4911DB8F860B}.Debug|x86.Build.0 = Debug|Any CPU
		{A36AB58C-197B-431B-9DE6-4911DB8F860B}.Release|Any CPU.ActiveCfg = Release|Any CPU
		{A36AB58C-197B-431B-9DE6-4911DB8F860B}.Release|Any CPU.Build.0 = Release|Any CPU
		{A36AB58C-197B-431B-9DE6-4911DB8F860B}.Release|ARM.ActiveCfg = Release|Any CPU
		{A36AB58C-197B-431B-9DE6-4911DB8F860B}.Release|ARM.Build.0 = Release|Any CPU
		{A36AB58C-197B-431B-9DE6-4911DB8F860B}.Release|ARM64.ActiveCfg = Release|Any CPU
		{A36AB58C-197B-431B-9DE6-4911DB8F860B}.Release|ARM64.Build.0 = Release|Any CPU
		{A36AB58C-197B-431B-9DE6-4911DB8F860B}.Release|x64.ActiveCfg = Release|Any CPU
		{A36AB58C-197B-431B-9DE6-4911DB8F860B}.Release|x64.Build.0 = Release|Any CPU
		{A36AB58C-197B-431B-9DE6-4911DB8F860B}.Release|x86.ActiveCfg = Release|Any CPU
		{A36AB58C-197B-431B-9DE6-4911DB8F860B}.Release|x86.Build.0 = Release|Any CPU
		{B80E6695-0F27-4AE1-BD7A-EDA42B94A940}.Debug|Any CPU.ActiveCfg = Debug|Any CPU
		{B80E6695-0F27-4AE1-BD7A-EDA42B94A940}.Debug|Any CPU.Build.0 = Debug|Any CPU
		{B80E6695-0F27-4AE1-BD7A-EDA42B94A940}.Debug|ARM.ActiveCfg = Debug|Any CPU
		{B80E6695-0F27-4AE1-BD7A-EDA42B94A940}.Debug|ARM.Build.0 = Debug|Any CPU
		{B80E6695-0F27-4AE1-BD7A-EDA42B94A940}.Debug|ARM64.ActiveCfg = Debug|Any CPU
		{B80E6695-0F27-4AE1-BD7A-EDA42B94A940}.Debug|ARM64.Build.0 = Debug|Any CPU
		{B80E6695-0F27-4AE1-BD7A-EDA42B94A940}.Debug|x64.ActiveCfg = Debug|Any CPU
		{B80E6695-0F27-4AE1-BD7A-EDA42B94A940}.Debug|x64.Build.0 = Debug|Any CPU
		{B80E6695-0F27-4AE1-BD7A-EDA42B94A940}.Debug|x86.ActiveCfg = Debug|Any CPU
		{B80E6695-0F27-4AE1-BD7A-EDA42B94A940}.Debug|x86.Build.0 = Debug|Any CPU
		{B80E6695-0F27-4AE1-BD7A-EDA42B94A940}.Release|Any CPU.ActiveCfg = Release|Any CPU
		{B80E6695-0F27-4AE1-BD7A-EDA42B94A940}.Release|Any CPU.Build.0 = Release|Any CPU
		{B80E6695-0F27-4AE1-BD7A-EDA42B94A940}.Release|ARM.ActiveCfg = Release|Any CPU
		{B80E6695-0F27-4AE1-BD7A-EDA42B94A940}.Release|ARM.Build.0 = Release|Any CPU
		{B80E6695-0F27-4AE1-BD7A-EDA42B94A940}.Release|ARM64.ActiveCfg = Release|Any CPU
		{B80E6695-0F27-4AE1-BD7A-EDA42B94A940}.Release|ARM64.Build.0 = Release|Any CPU
		{B80E6695-0F27-4AE1-BD7A-EDA42B94A940}.Release|x64.ActiveCfg = Release|Any CPU
		{B80E6695-0F27-4AE1-BD7A-EDA42B94A940}.Release|x64.Build.0 = Release|Any CPU
		{B80E6695-0F27-4AE1-BD7A-EDA42B94A940}.Release|x86.ActiveCfg = Release|Any CPU
		{B80E6695-0F27-4AE1-BD7A-EDA42B94A940}.Release|x86.Build.0 = Release|Any CPU
		{53106C03-FE9F-4627-872A-A6E8BCC429FE}.Debug|Any CPU.ActiveCfg = Debug|Any CPU
		{53106C03-FE9F-4627-872A-A6E8BCC429FE}.Debug|Any CPU.Build.0 = Debug|Any CPU
		{53106C03-FE9F-4627-872A-A6E8BCC429FE}.Debug|ARM.ActiveCfg = Debug|Any CPU
		{53106C03-FE9F-4627-872A-A6E8BCC429FE}.Debug|ARM.Build.0 = Debug|Any CPU
		{53106C03-FE9F-4627-872A-A6E8BCC429FE}.Debug|ARM64.ActiveCfg = Debug|Any CPU
		{53106C03-FE9F-4627-872A-A6E8BCC429FE}.Debug|ARM64.Build.0 = Debug|Any CPU
		{53106C03-FE9F-4627-872A-A6E8BCC429FE}.Debug|x64.ActiveCfg = Debug|Any CPU
		{53106C03-FE9F-4627-872A-A6E8BCC429FE}.Debug|x64.Build.0 = Debug|Any CPU
		{53106C03-FE9F-4627-872A-A6E8BCC429FE}.Debug|x86.ActiveCfg = Debug|Any CPU
		{53106C03-FE9F-4627-872A-A6E8BCC429FE}.Debug|x86.Build.0 = Debug|Any CPU
		{53106C03-FE9F-4627-872A-A6E8BCC429FE}.Release|Any CPU.ActiveCfg = Release|Any CPU
		{53106C03-FE9F-4627-872A-A6E8BCC429FE}.Release|Any CPU.Build.0 = Release|Any CPU
		{53106C03-FE9F-4627-872A-A6E8BCC429FE}.Release|ARM.ActiveCfg = Release|Any CPU
		{53106C03-FE9F-4627-872A-A6E8BCC429FE}.Release|ARM.Build.0 = Release|Any CPU
		{53106C03-FE9F-4627-872A-A6E8BCC429FE}.Release|ARM64.ActiveCfg = Release|Any CPU
		{53106C03-FE9F-4627-872A-A6E8BCC429FE}.Release|ARM64.Build.0 = Release|Any CPU
		{53106C03-FE9F-4627-872A-A6E8BCC429FE}.Release|x64.ActiveCfg = Release|Any CPU
		{53106C03-FE9F-4627-872A-A6E8BCC429FE}.Release|x64.Build.0 = Release|Any CPU
		{53106C03-FE9F-4627-872A-A6E8BCC429FE}.Release|x86.ActiveCfg = Release|Any CPU
		{53106C03-FE9F-4627-872A-A6E8BCC429FE}.Release|x86.Build.0 = Release|Any CPU
		{F4242FA3-2404-4EA4-95D9-D00057F277D1}.Debug|Any CPU.ActiveCfg = Debug|Any CPU
		{F4242FA3-2404-4EA4-95D9-D00057F277D1}.Debug|Any CPU.Build.0 = Debug|Any CPU
		{F4242FA3-2404-4EA4-95D9-D00057F277D1}.Debug|ARM.ActiveCfg = Debug|Any CPU
		{F4242FA3-2404-4EA4-95D9-D00057F277D1}.Debug|ARM.Build.0 = Debug|Any CPU
		{F4242FA3-2404-4EA4-95D9-D00057F277D1}.Debug|ARM64.ActiveCfg = Debug|Any CPU
		{F4242FA3-2404-4EA4-95D9-D00057F277D1}.Debug|ARM64.Build.0 = Debug|Any CPU
		{F4242FA3-2404-4EA4-95D9-D00057F277D1}.Debug|x64.ActiveCfg = Debug|Any CPU
		{F4242FA3-2404-4EA4-95D9-D00057F277D1}.Debug|x64.Build.0 = Debug|Any CPU
		{F4242FA3-2404-4EA4-95D9-D00057F277D1}.Debug|x86.ActiveCfg = Debug|Any CPU
		{F4242FA3-2404-4EA4-95D9-D00057F277D1}.Debug|x86.Build.0 = Debug|Any CPU
		{F4242FA3-2404-4EA4-95D9-D00057F277D1}.Release|Any CPU.ActiveCfg = Release|Any CPU
		{F4242FA3-2404-4EA4-95D9-D00057F277D1}.Release|Any CPU.Build.0 = Release|Any CPU
		{F4242FA3-2404-4EA4-95D9-D00057F277D1}.Release|ARM.ActiveCfg = Release|Any CPU
		{F4242FA3-2404-4EA4-95D9-D00057F277D1}.Release|ARM.Build.0 = Release|Any CPU
		{F4242FA3-2404-4EA4-95D9-D00057F277D1}.Release|ARM64.ActiveCfg = Release|Any CPU
		{F4242FA3-2404-4EA4-95D9-D00057F277D1}.Release|ARM64.Build.0 = Release|Any CPU
		{F4242FA3-2404-4EA4-95D9-D00057F277D1}.Release|x64.ActiveCfg = Release|Any CPU
		{F4242FA3-2404-4EA4-95D9-D00057F277D1}.Release|x64.Build.0 = Release|Any CPU
		{F4242FA3-2404-4EA4-95D9-D00057F277D1}.Release|x86.ActiveCfg = Release|Any CPU
		{F4242FA3-2404-4EA4-95D9-D00057F277D1}.Release|x86.Build.0 = Release|Any CPU
		{FBCD73FA-1F36-4216-B1C3-933A807F2092}.Debug|Any CPU.ActiveCfg = Debug|Any CPU
		{FBCD73FA-1F36-4216-B1C3-933A807F2092}.Debug|Any CPU.Build.0 = Debug|Any CPU
		{FBCD73FA-1F36-4216-B1C3-933A807F2092}.Debug|ARM.ActiveCfg = Debug|Any CPU
		{FBCD73FA-1F36-4216-B1C3-933A807F2092}.Debug|ARM.Build.0 = Debug|Any CPU
		{FBCD73FA-1F36-4216-B1C3-933A807F2092}.Debug|ARM64.ActiveCfg = Debug|Any CPU
		{FBCD73FA-1F36-4216-B1C3-933A807F2092}.Debug|ARM64.Build.0 = Debug|Any CPU
		{FBCD73FA-1F36-4216-B1C3-933A807F2092}.Debug|x64.ActiveCfg = Debug|Any CPU
		{FBCD73FA-1F36-4216-B1C3-933A807F2092}.Debug|x64.Build.0 = Debug|Any CPU
		{FBCD73FA-1F36-4216-B1C3-933A807F2092}.Debug|x86.ActiveCfg = Debug|Any CPU
		{FBCD73FA-1F36-4216-B1C3-933A807F2092}.Debug|x86.Build.0 = Debug|Any CPU
		{FBCD73FA-1F36-4216-B1C3-933A807F2092}.Release|Any CPU.ActiveCfg = Release|Any CPU
		{FBCD73FA-1F36-4216-B1C3-933A807F2092}.Release|Any CPU.Build.0 = Release|Any CPU
		{FBCD73FA-1F36-4216-B1C3-933A807F2092}.Release|ARM.ActiveCfg = Release|Any CPU
		{FBCD73FA-1F36-4216-B1C3-933A807F2092}.Release|ARM.Build.0 = Release|Any CPU
		{FBCD73FA-1F36-4216-B1C3-933A807F2092}.Release|ARM64.ActiveCfg = Release|Any CPU
		{FBCD73FA-1F36-4216-B1C3-933A807F2092}.Release|ARM64.Build.0 = Release|Any CPU
		{FBCD73FA-1F36-4216-B1C3-933A807F2092}.Release|x64.ActiveCfg = Release|Any CPU
		{FBCD73FA-1F36-4216-B1C3-933A807F2092}.Release|x64.Build.0 = Release|Any CPU
		{FBCD73FA-1F36-4216-B1C3-933A807F2092}.Release|x86.ActiveCfg = Release|Any CPU
		{FBCD73FA-1F36-4216-B1C3-933A807F2092}.Release|x86.Build.0 = Release|Any CPU
		{DCE6AE83-BB62-4152-A3C6-1BA45563D98D}.Debug|Any CPU.ActiveCfg = Debug|Any CPU
		{DCE6AE83-BB62-4152-A3C6-1BA45563D98D}.Debug|Any CPU.Build.0 = Debug|Any CPU
		{DCE6AE83-BB62-4152-A3C6-1BA45563D98D}.Debug|ARM.ActiveCfg = Debug|Any CPU
		{DCE6AE83-BB62-4152-A3C6-1BA45563D98D}.Debug|ARM.Build.0 = Debug|Any CPU
		{DCE6AE83-BB62-4152-A3C6-1BA45563D98D}.Debug|ARM64.ActiveCfg = Debug|Any CPU
		{DCE6AE83-BB62-4152-A3C6-1BA45563D98D}.Debug|ARM64.Build.0 = Debug|Any CPU
		{DCE6AE83-BB62-4152-A3C6-1BA45563D98D}.Debug|x64.ActiveCfg = Debug|Any CPU
		{DCE6AE83-BB62-4152-A3C6-1BA45563D98D}.Debug|x64.Build.0 = Debug|Any CPU
		{DCE6AE83-BB62-4152-A3C6-1BA45563D98D}.Debug|x86.ActiveCfg = Debug|Any CPU
		{DCE6AE83-BB62-4152-A3C6-1BA45563D98D}.Debug|x86.Build.0 = Debug|Any CPU
		{DCE6AE83-BB62-4152-A3C6-1BA45563D98D}.Release|Any CPU.ActiveCfg = Release|Any CPU
		{DCE6AE83-BB62-4152-A3C6-1BA45563D98D}.Release|Any CPU.Build.0 = Release|Any CPU
		{DCE6AE83-BB62-4152-A3C6-1BA45563D98D}.Release|ARM.ActiveCfg = Release|Any CPU
		{DCE6AE83-BB62-4152-A3C6-1BA45563D98D}.Release|ARM.Build.0 = Release|Any CPU
		{DCE6AE83-BB62-4152-A3C6-1BA45563D98D}.Release|ARM64.ActiveCfg = Release|Any CPU
		{DCE6AE83-BB62-4152-A3C6-1BA45563D98D}.Release|ARM64.Build.0 = Release|Any CPU
		{DCE6AE83-BB62-4152-A3C6-1BA45563D98D}.Release|x64.ActiveCfg = Release|Any CPU
		{DCE6AE83-BB62-4152-A3C6-1BA45563D98D}.Release|x64.Build.0 = Release|Any CPU
		{DCE6AE83-BB62-4152-A3C6-1BA45563D98D}.Release|x86.ActiveCfg = Release|Any CPU
		{DCE6AE83-BB62-4152-A3C6-1BA45563D98D}.Release|x86.Build.0 = Release|Any CPU
		{56A7DF3E-1DD7-4B75-86E9-D27BE729190F}.Debug|Any CPU.ActiveCfg = Debug|Any CPU
		{56A7DF3E-1DD7-4B75-86E9-D27BE729190F}.Debug|Any CPU.Build.0 = Debug|Any CPU
		{56A7DF3E-1DD7-4B75-86E9-D27BE729190F}.Debug|ARM.ActiveCfg = Debug|Any CPU
		{56A7DF3E-1DD7-4B75-86E9-D27BE729190F}.Debug|ARM.Build.0 = Debug|Any CPU
		{56A7DF3E-1DD7-4B75-86E9-D27BE729190F}.Debug|ARM64.ActiveCfg = Debug|Any CPU
		{56A7DF3E-1DD7-4B75-86E9-D27BE729190F}.Debug|ARM64.Build.0 = Debug|Any CPU
		{56A7DF3E-1DD7-4B75-86E9-D27BE729190F}.Debug|x64.ActiveCfg = Debug|Any CPU
		{56A7DF3E-1DD7-4B75-86E9-D27BE729190F}.Debug|x64.Build.0 = Debug|Any CPU
		{56A7DF3E-1DD7-4B75-86E9-D27BE729190F}.Debug|x86.ActiveCfg = Debug|Any CPU
		{56A7DF3E-1DD7-4B75-86E9-D27BE729190F}.Debug|x86.Build.0 = Debug|Any CPU
		{56A7DF3E-1DD7-4B75-86E9-D27BE729190F}.Release|Any CPU.ActiveCfg = Release|Any CPU
		{56A7DF3E-1DD7-4B75-86E9-D27BE729190F}.Release|Any CPU.Build.0 = Release|Any CPU
		{56A7DF3E-1DD7-4B75-86E9-D27BE729190F}.Release|ARM.ActiveCfg = Release|Any CPU
		{56A7DF3E-1DD7-4B75-86E9-D27BE729190F}.Release|ARM.Build.0 = Release|Any CPU
		{56A7DF3E-1DD7-4B75-86E9-D27BE729190F}.Release|ARM64.ActiveCfg = Release|Any CPU
		{56A7DF3E-1DD7-4B75-86E9-D27BE729190F}.Release|ARM64.Build.0 = Release|Any CPU
		{56A7DF3E-1DD7-4B75-86E9-D27BE729190F}.Release|x64.ActiveCfg = Release|Any CPU
		{56A7DF3E-1DD7-4B75-86E9-D27BE729190F}.Release|x64.Build.0 = Release|Any CPU
		{56A7DF3E-1DD7-4B75-86E9-D27BE729190F}.Release|x86.ActiveCfg = Release|Any CPU
		{56A7DF3E-1DD7-4B75-86E9-D27BE729190F}.Release|x86.Build.0 = Release|Any CPU
		{D2F57B95-BCD2-411F-BC79-7DCEBAF74B16}.Debug|Any CPU.ActiveCfg = Debug|Any CPU
		{D2F57B95-BCD2-411F-BC79-7DCEBAF74B16}.Debug|Any CPU.Build.0 = Debug|Any CPU
		{D2F57B95-BCD2-411F-BC79-7DCEBAF74B16}.Debug|ARM.ActiveCfg = Debug|Any CPU
		{D2F57B95-BCD2-411F-BC79-7DCEBAF74B16}.Debug|ARM.Build.0 = Debug|Any CPU
		{D2F57B95-BCD2-411F-BC79-7DCEBAF74B16}.Debug|ARM64.ActiveCfg = Debug|Any CPU
		{D2F57B95-BCD2-411F-BC79-7DCEBAF74B16}.Debug|ARM64.Build.0 = Debug|Any CPU
		{D2F57B95-BCD2-411F-BC79-7DCEBAF74B16}.Debug|x64.ActiveCfg = Debug|Any CPU
		{D2F57B95-BCD2-411F-BC79-7DCEBAF74B16}.Debug|x64.Build.0 = Debug|Any CPU
		{D2F57B95-BCD2-411F-BC79-7DCEBAF74B16}.Debug|x86.ActiveCfg = Debug|Any CPU
		{D2F57B95-BCD2-411F-BC79-7DCEBAF74B16}.Debug|x86.Build.0 = Debug|Any CPU
		{D2F57B95-BCD2-411F-BC79-7DCEBAF74B16}.Release|Any CPU.ActiveCfg = Release|Any CPU
		{D2F57B95-BCD2-411F-BC79-7DCEBAF74B16}.Release|Any CPU.Build.0 = Release|Any CPU
		{D2F57B95-BCD2-411F-BC79-7DCEBAF74B16}.Release|ARM.ActiveCfg = Release|Any CPU
		{D2F57B95-BCD2-411F-BC79-7DCEBAF74B16}.Release|ARM.Build.0 = Release|Any CPU
		{D2F57B95-BCD2-411F-BC79-7DCEBAF74B16}.Release|ARM64.ActiveCfg = Release|Any CPU
		{D2F57B95-BCD2-411F-BC79-7DCEBAF74B16}.Release|ARM64.Build.0 = Release|Any CPU
		{D2F57B95-BCD2-411F-BC79-7DCEBAF74B16}.Release|x64.ActiveCfg = Release|Any CPU
		{D2F57B95-BCD2-411F-BC79-7DCEBAF74B16}.Release|x64.Build.0 = Release|Any CPU
		{D2F57B95-BCD2-411F-BC79-7DCEBAF74B16}.Release|x86.ActiveCfg = Release|Any CPU
		{D2F57B95-BCD2-411F-BC79-7DCEBAF74B16}.Release|x86.Build.0 = Release|Any CPU
		{F8C8DE0C-CF6E-444F-9D9E-CFB08F9529BE}.Debug|Any CPU.ActiveCfg = Debug|Any CPU
		{F8C8DE0C-CF6E-444F-9D9E-CFB08F9529BE}.Debug|Any CPU.Build.0 = Debug|Any CPU
		{F8C8DE0C-CF6E-444F-9D9E-CFB08F9529BE}.Debug|ARM.ActiveCfg = Debug|Any CPU
		{F8C8DE0C-CF6E-444F-9D9E-CFB08F9529BE}.Debug|ARM.Build.0 = Debug|Any CPU
		{F8C8DE0C-CF6E-444F-9D9E-CFB08F9529BE}.Debug|ARM64.ActiveCfg = Debug|Any CPU
		{F8C8DE0C-CF6E-444F-9D9E-CFB08F9529BE}.Debug|ARM64.Build.0 = Debug|Any CPU
		{F8C8DE0C-CF6E-444F-9D9E-CFB08F9529BE}.Debug|x64.ActiveCfg = Debug|Any CPU
		{F8C8DE0C-CF6E-444F-9D9E-CFB08F9529BE}.Debug|x64.Build.0 = Debug|Any CPU
		{F8C8DE0C-CF6E-444F-9D9E-CFB08F9529BE}.Debug|x86.ActiveCfg = Debug|Any CPU
		{F8C8DE0C-CF6E-444F-9D9E-CFB08F9529BE}.Debug|x86.Build.0 = Debug|Any CPU
		{F8C8DE0C-CF6E-444F-9D9E-CFB08F9529BE}.Release|Any CPU.ActiveCfg = Release|Any CPU
		{F8C8DE0C-CF6E-444F-9D9E-CFB08F9529BE}.Release|Any CPU.Build.0 = Release|Any CPU
		{F8C8DE0C-CF6E-444F-9D9E-CFB08F9529BE}.Release|ARM.ActiveCfg = Release|Any CPU
		{F8C8DE0C-CF6E-444F-9D9E-CFB08F9529BE}.Release|ARM.Build.0 = Release|Any CPU
		{F8C8DE0C-CF6E-444F-9D9E-CFB08F9529BE}.Release|ARM64.ActiveCfg = Release|Any CPU
		{F8C8DE0C-CF6E-444F-9D9E-CFB08F9529BE}.Release|ARM64.Build.0 = Release|Any CPU
		{F8C8DE0C-CF6E-444F-9D9E-CFB08F9529BE}.Release|x64.ActiveCfg = Release|Any CPU
		{F8C8DE0C-CF6E-444F-9D9E-CFB08F9529BE}.Release|x64.Build.0 = Release|Any CPU
		{F8C8DE0C-CF6E-444F-9D9E-CFB08F9529BE}.Release|x86.ActiveCfg = Release|Any CPU
		{F8C8DE0C-CF6E-444F-9D9E-CFB08F9529BE}.Release|x86.Build.0 = Release|Any CPU
	EndGlobalSection
	GlobalSection(SolutionProperties) = preSolution
		HideSolutionNode = FALSE
	EndGlobalSection
	GlobalSection(NestedProjects) = preSolution
		{982D3282-82A0-4586-99ED-F60D2FD67517} = {92EB10BB-F612-4C23-84BA-95A5D64F851B}
		{A6DAC5FB-29A1-4579-A828-F133D9ABBDD2} = {F0808592-9E93-4915-9E37-043C56BB9763}
		{625649C0-B1F5-4262-9A38-330FC08A2759} = {F0808592-9E93-4915-9E37-043C56BB9763}
		{A36AB58C-197B-431B-9DE6-4911DB8F860B} = {92EB10BB-F612-4C23-84BA-95A5D64F851B}
		{B80E6695-0F27-4AE1-BD7A-EDA42B94A940} = {92EB10BB-F612-4C23-84BA-95A5D64F851B}
		{53106C03-FE9F-4627-872A-A6E8BCC429FE} = {92EB10BB-F612-4C23-84BA-95A5D64F851B}
		{6D425467-7F54-4195-93DC-D44EE8CEAD5F} = {34E1BD8E-AEAE-4BFD-A69A-919EC930FC3E}
		{F4242FA3-2404-4EA4-95D9-D00057F277D1} = {34E1BD8E-AEAE-4BFD-A69A-919EC930FC3E}
		{FBCD73FA-1F36-4216-B1C3-933A807F2092} = {F0808592-9E93-4915-9E37-043C56BB9763}
		{DCE6AE83-BB62-4152-A3C6-1BA45563D98D} = {F0808592-9E93-4915-9E37-043C56BB9763}
		{56A7DF3E-1DD7-4B75-86E9-D27BE729190F} = {92EB10BB-F612-4C23-84BA-95A5D64F851B}
		{D2F57B95-BCD2-411F-BC79-7DCEBAF74B16} = {92EB10BB-F612-4C23-84BA-95A5D64F851B}
		{F8C8DE0C-CF6E-444F-9D9E-CFB08F9529BE} = {92EB10BB-F612-4C23-84BA-95A5D64F851B}
	EndGlobalSection
	GlobalSection(ExtensibilityGlobals) = postSolution
		SolutionGuid = {C9AF68FB-8AA0-4C17-A8F9-A88E3EC36423}
	EndGlobalSection
EndGlobal
